
Microsoft Visual Studio Solution File, Format Version 12.00
# Visual Studio Version 16
VisualStudioVersion = 16.0.31205.134
MinimumVisualStudioVersion = 10.0.40219.1
Project("{2150E333-8FDC-42A3-9474-1A3956D46DE8}") = "Core", "Core", "{38174BF4-C220-4BBA-93CE-98FC1ECB0AB8}"
EndProject
Project("{9A19103F-16F7-4668-BE54-9A1E7A4F7556}") = "Arad.Portal.DataLayer", "Arad.Portal.DataLayer\Arad.Portal.DataLayer.csproj", "{6CBDEE14-5B5E-434C-874F-78B1C53387B8}"
EndProject
Project("{9A19103F-16F7-4668-BE54-9A1E7A4F7556}") = "Arad.Portal.Abstraction", "Arad.Portal.Abstraction\Arad.Portal.Abstraction.csproj", "{A29DA27F-12EF-49B8-939B-C4A31867D1EB}"
EndProject
Project("{2150E333-8FDC-42A3-9474-1A3956D46DE8}") = "LibraryAndTools", "LibraryAndTools", "{1481896D-F740-4E79-B881-965C51FAC3AE}"
EndProject
Project("{9A19103F-16F7-4668-BE54-9A1E7A4F7556}") = "Arad.Portal.GeneralLibrary", "Arad.Portal.GeneralLibrary\Arad.Portal.GeneralLibrary.csproj", "{8318CFBA-80B0-4E08-BF98-4968E57C5A95}"
EndProject
Project("{2150E333-8FDC-42A3-9474-1A3956D46DE8}") = "UI", "UI", "{998DA860-4BBD-41EC-B1CE-163AD43098F5}"
EndProject
Project("{9A19103F-16F7-4668-BE54-9A1E7A4F7556}") = "Arad.Portal.UI.Shop", "Arad.Portal.UI.Shop\Arad.Portal.UI.Shop.csproj", "{A848E74E-BC53-4832-894A-5C740271F028}"
EndProject
Project("{9A19103F-16F7-4668-BE54-9A1E7A4F7556}") = "Arad.Portal.UI.Shop.Dashboard", "Arad.Portal.UI.Shop.Dashboard\Arad.Portal.UI.Shop.Dashboard.csproj", "{B9EB48DE-3C97-45E6-98B8-2F64F573D781}"
EndProject
Project("{2150E333-8FDC-42A3-9474-1A3956D46DE8}") = "BackgroundWorkers", "BackgroundWorkers", "{2F795895-7B24-485C-805D-7D5BBA3375AC}"
EndProject
Project("{FAE04EC0-301F-11D3-BF4B-00C04F79EFBC}") = "Arad.Portal.SmsNotificationService", "Arad.Portal.SmsNotificationService\Arad.Portal.SmsNotificationService.csproj", "{75D87AAA-B27C-4540-84FB-8BBAE28B9C56}"
EndProject
Project("{FAE04EC0-301F-11D3-BF4B-00C04F79EFBC}") = "Arad.Portal.EmailNotificationService", "Arad.Portal.EmailNotificationService\Arad.Portal.EmailNotificationService.csproj", "{F81FB79C-F52E-41E7-85FD-48D4969DEAA9}"
EndProject
Global
	GlobalSection(SolutionConfigurationPlatforms) = preSolution
		Debug|Any CPU = Debug|Any CPU
		Release|Any CPU = Release|Any CPU
	EndGlobalSection
	GlobalSection(ProjectConfigurationPlatforms) = postSolution
		{6CBDEE14-5B5E-434C-874F-78B1C53387B8}.Debug|Any CPU.ActiveCfg = Debug|Any CPU
		{6CBDEE14-5B5E-434C-874F-78B1C53387B8}.Debug|Any CPU.Build.0 = Debug|Any CPU
		{6CBDEE14-5B5E-434C-874F-78B1C53387B8}.Release|Any CPU.ActiveCfg = Release|Any CPU
		{6CBDEE14-5B5E-434C-874F-78B1C53387B8}.Release|Any CPU.Build.0 = Release|Any CPU
		{A29DA27F-12EF-49B8-939B-C4A31867D1EB}.Debug|Any CPU.ActiveCfg = Debug|Any CPU
		{A29DA27F-12EF-49B8-939B-C4A31867D1EB}.Debug|Any CPU.Build.0 = Debug|Any CPU
		{A29DA27F-12EF-49B8-939B-C4A31867D1EB}.Release|Any CPU.ActiveCfg = Release|Any CPU
		{A29DA27F-12EF-49B8-939B-C4A31867D1EB}.Release|Any CPU.Build.0 = Release|Any CPU
		{8318CFBA-80B0-4E08-BF98-4968E57C5A95}.Debug|Any CPU.ActiveCfg = Debug|Any CPU
		{8318CFBA-80B0-4E08-BF98-4968E57C5A95}.Debug|Any CPU.Build.0 = Debug|Any CPU
		{8318CFBA-80B0-4E08-BF98-4968E57C5A95}.Release|Any CPU.ActiveCfg = Release|Any CPU
		{8318CFBA-80B0-4E08-BF98-4968E57C5A95}.Release|Any CPU.Build.0 = Release|Any CPU
		{A848E74E-BC53-4832-894A-5C740271F028}.Debug|Any CPU.ActiveCfg = Debug|Any CPU
		{A848E74E-BC53-4832-894A-5C740271F028}.Debug|Any CPU.Build.0 = Debug|Any CPU
		{A848E74E-BC53-4832-894A-5C740271F028}.Release|Any CPU.ActiveCfg = Release|Any CPU
		{A848E74E-BC53-4832-894A-5C740271F028}.Release|Any CPU.Build.0 = Release|Any CPU
		{B9EB48DE-3C97-45E6-98B8-2F64F573D781}.Debug|Any CPU.ActiveCfg = Debug|Any CPU
		{B9EB48DE-3C97-45E6-98B8-2F64F573D781}.Debug|Any CPU.Build.0 = Debug|Any CPU
		{B9EB48DE-3C97-45E6-98B8-2F64F573D781}.Release|Any CPU.ActiveCfg = Release|Any CPU
		{B9EB48DE-3C97-45E6-98B8-2F64F573D781}.Release|Any CPU.Build.0 = Release|Any CPU
		{75D87AAA-B27C-4540-84FB-8BBAE28B9C56}.Debug|Any CPU.ActiveCfg = Debug|Any CPU
		{75D87AAA-B27C-4540-84FB-8BBAE28B9C56}.Debug|Any CPU.Build.0 = Debug|Any CPU
		{75D87AAA-B27C-4540-84FB-8BBAE28B9C56}.Release|Any CPU.ActiveCfg = Release|Any CPU
		{75D87AAA-B27C-4540-84FB-8BBAE28B9C56}.Release|Any CPU.Build.0 = Release|Any CPU
		{F81FB79C-F52E-41E7-85FD-48D4969DEAA9}.Debug|Any CPU.ActiveCfg = Debug|Any CPU
		{F81FB79C-F52E-41E7-85FD-48D4969DEAA9}.Debug|Any CPU.Build.0 = Debug|Any CPU
		{F81FB79C-F52E-41E7-85FD-48D4969DEAA9}.Release|Any CPU.ActiveCfg = Release|Any CPU
		{F81FB79C-F52E-41E7-85FD-48D4969DEAA9}.Release|Any CPU.Build.0 = Release|Any CPU
	EndGlobalSection
	GlobalSection(SolutionProperties) = preSolution
		HideSolutionNode = FALSE
	EndGlobalSection
	GlobalSection(NestedProjects) = preSolution
		{6CBDEE14-5B5E-434C-874F-78B1C53387B8} = {38174BF4-C220-4BBA-93CE-98FC1ECB0AB8}
		{A29DA27F-12EF-49B8-939B-C4A31867D1EB} = {38174BF4-C220-4BBA-93CE-98FC1ECB0AB8}
		{1481896D-F740-4E79-B881-965C51FAC3AE} = {998DA860-4BBD-41EC-B1CE-163AD43098F5}
		{8318CFBA-80B0-4E08-BF98-4968E57C5A95} = {1481896D-F740-4E79-B881-965C51FAC3AE}
		{A848E74E-BC53-4832-894A-5C740271F028} = {998DA860-4BBD-41EC-B1CE-163AD43098F5}
		{B9EB48DE-3C97-45E6-98B8-2F64F573D781} = {998DA860-4BBD-41EC-B1CE-163AD43098F5}
		{75D87AAA-B27C-4540-84FB-8BBAE28B9C56} = {2F795895-7B24-485C-805D-7D5BBA3375AC}
		{F81FB79C-F52E-41E7-85FD-48D4969DEAA9} = {2F795895-7B24-485C-805D-7D5BBA3375AC}
	EndGlobalSection
	GlobalSection(ExtensibilityGlobals) = postSolution
		SolutionGuid = {939D7E94-3BBA-4D26-BDF6-F892F9F5DF31}
	EndGlobalSection
EndGlobal
