{
  "name": "AradPortal",
  "lockfileVersion": 3,
  "requires": true,
  "packages": {
    "": {
      "dependencies": {
        "@furcan/iconpicker": "^1.5.0"
      }
    },
    "node_modules/@furcan/iconpicker": {
      "version": "1.5.0",
      "resolved": "https://registry.npmjs.org/@furcan/iconpicker/-/iconpicker-1.5.0.tgz",
      "integrity": "sha512-WH/JKjDIgfUIib2ixUM5g3zSNKSUNQrPLXorN1hZAktY6gW1cUi0cftO/HQOmZ7V0zTjeH6pfOgRzedP8tlJPg=="
    }
  }
}
